// !$*UTF8*$!
{
	archiveVersion = 1;
	classes = {
	};
	objectVersion = 56;
	objects = {

/* Begin PBXBuildFile section */
		B91BB1752A292AF5004DDAA1 /* SvetoforSectionView.swift in Sources */ = {isa = PBXBuildFile; fileRef = B91BB1742A292AF5004DDAA1 /* SvetoforSectionView.swift */; };
		B932D9852A2365E60063703C /* AppDelegate.swift in Sources */ = {isa = PBXBuildFile; fileRef = B932D9842A2365E60063703C /* AppDelegate.swift */; };
		B932D9872A2365E60063703C /* SceneDelegate.swift in Sources */ = {isa = PBXBuildFile; fileRef = B932D9862A2365E60063703C /* SceneDelegate.swift */; };
		B932D9892A2365E60063703C /* SvetoforController.swift in Sources */ = {isa = PBXBuildFile; fileRef = B932D9882A2365E60063703C /* SvetoforController.swift */; };
		B932D98C2A2365E60063703C /* Main.storyboard in Resources */ = {isa = PBXBuildFile; fileRef = B932D98A2A2365E60063703C /* Main.storyboard */; };
		B932D98E2A2365E70063703C /* Assets.xcassets in Resources */ = {isa = PBXBuildFile; fileRef = B932D98D2A2365E70063703C /* Assets.xcassets */; };
		B932D9912A2365E70063703C /* LaunchScreen.storyboard in Resources */ = {isa = PBXBuildFile; fileRef = B932D98F2A2365E70063703C /* LaunchScreen.storyboard */; };
		B932D99C2A2365E70063703C /* trafficLightsTests.swift in Sources */ = {isa = PBXBuildFile; fileRef = B932D99B2A2365E70063703C /* trafficLightsTests.swift */; };
		B932D9A62A2365E70063703C /* trafficLightsUITests.swift in Sources */ = {isa = PBXBuildFile; fileRef = B932D9A52A2365E70063703C /* trafficLightsUITests.swift */; };
		B932D9A82A2365E70063703C /* trafficLightsUITestsLaunchTests.swift in Sources */ = {isa = PBXBuildFile; fileRef = B932D9A72A2365E70063703C /* trafficLightsUITestsLaunchTests.swift */; };
		B940714C2A27766800D04E2E /* SnapKit in Frameworks */ = {isa = PBXBuildFile; productRef = B940714B2A27766800D04E2E /* SnapKit */; };
/* End PBXBuildFile section */

/* Begin PBXContainerItemProxy section */
		B932D9982A2365E70063703C /* PBXContainerItemProxy */ = {
			isa = PBXContainerItemProxy;
			containerPortal = B932D9792A2365E60063703C /* Project object */;
			proxyType = 1;
			remoteGlobalIDString = B932D9802A2365E60063703C;
			remoteInfo = trafficLights;
		};
		B932D9A22A2365E70063703C /* PBXContainerItemProxy */ = {
			isa = PBXContainerItemProxy;
			containerPortal = B932D9792A2365E60063703C /* Project object */;
			proxyType = 1;
			remoteGlobalIDString = B932D9802A2365E60063703C;
			remoteInfo = trafficLights;
		};
/* End PBXContainerItemProxy section */

/* Begin PBXFileReference section */
		B91BB1742A292AF5004DDAA1 /* SvetoforSectionView.swift */ = {isa = PBXFileReference; lastKnownFileType = sourcecode.swift; path = SvetoforSectionView.swift; sourceTree = "<group>"; };
		B932D9812A2365E60063703C /* trafficLights.app */ = {isa = PBXFileReference; explicitFileType = wrapper.application; includeInIndex = 0; path = trafficLights.app; sourceTree = BUILT_PRODUCTS_DIR; };
		B932D9842A2365E60063703C /* AppDelegate.swift */ = {isa = PBXFileReference; lastKnownFileType = sourcecode.swift; path = AppDelegate.swift; sourceTree = "<group>"; };
		B932D9862A2365E60063703C /* SceneDelegate.swift */ = {isa = PBXFileReference; lastKnownFileType = sourcecode.swift; path = SceneDelegate.swift; sourceTree = "<group>"; };
		B932D9882A2365E60063703C /* SvetoforController.swift */ = {isa = PBXFileReference; lastKnownFileType = sourcecode.swift; path = SvetoforController.swift; sourceTree = "<group>"; };
		B932D98B2A2365E60063703C /* Base */ = {isa = PBXFileReference; lastKnownFileType = file.storyboard; name = Base; path = Base.lproj/Main.storyboard; sourceTree = "<group>"; };
		B932D98D2A2365E70063703C /* Assets.xcassets */ = {isa = PBXFileReference; lastKnownFileType = folder.assetcatalog; path = Assets.xcassets; sourceTree = "<group>"; };
		B932D9902A2365E70063703C /* Base */ = {isa = PBXFileReference; lastKnownFileType = file.storyboard; name = Base; path = Base.lproj/LaunchScreen.storyboard; sourceTree = "<group>"; };
		B932D9922A2365E70063703C /* Info.plist */ = {isa = PBXFileReference; lastKnownFileType = text.plist.xml; path = Info.plist; sourceTree = "<group>"; };
		B932D9972A2365E70063703C /* trafficLightsTests.xctest */ = {isa = PBXFileReference; explicitFileType = wrapper.cfbundle; includeInIndex = 0; path = trafficLightsTests.xctest; sourceTree = BUILT_PRODUCTS_DIR; };
		B932D99B2A2365E70063703C /* trafficLightsTests.swift */ = {isa = PBXFileReference; lastKnownFileType = sourcecode.swift; path = trafficLightsTests.swift; sourceTree = "<group>"; };
		B932D9A12A2365E70063703C /* trafficLightsUITests.xctest */ = {isa = PBXFileReference; explicitFileType = wrapper.cfbundle; includeInIndex = 0; path = trafficLightsUITests.xctest; sourceTree = BUILT_PRODUCTS_DIR; };
		B932D9A52A2365E70063703C /* trafficLightsUITests.swift */ = {isa = PBXFileReference; lastKnownFileType = sourcecode.swift; path = trafficLightsUITests.swift; sourceTree = "<group>"; };
		B932D9A72A2365E70063703C /* trafficLightsUITestsLaunchTests.swift */ = {isa = PBXFileReference; lastKnownFileType = sourcecode.swift; path = trafficLightsUITestsLaunchTests.swift; sourceTree = "<group>"; };
/* End PBXFileReference section */

/* Begin PBXFrameworksBuildPhase section */
		B932D97E2A2365E60063703C /* Frameworks */ = {
			isa = PBXFrameworksBuildPhase;
			buildActionMask = 2147483647;
			files = (
				B940714C2A27766800D04E2E /* SnapKit in Frameworks */,
			);
			runOnlyForDeploymentPostprocessing = 0;
		};
		B932D9942A2365E70063703C /* Frameworks */ = {
			isa = PBXFrameworksBuildPhase;
			buildActionMask = 2147483647;
			files = (
			);
			runOnlyForDeploymentPostprocessing = 0;
		};
		B932D99E2A2365E70063703C /* Frameworks */ = {
			isa = PBXFrameworksBuildPhase;
			buildActionMask = 2147483647;
			files = (
			);
			runOnlyForDeploymentPostprocessing = 0;
		};
/* End PBXFrameworksBuildPhase section */

/* Begin PBXGroup section */
		B932D9782A2365E60063703C = {
			isa = PBXGroup;
			children = (
				B932D9832A2365E60063703C /* trafficLights */,
				B932D99A2A2365E70063703C /* trafficLightsTests */,
				B932D9A42A2365E70063703C /* trafficLightsUITests */,
				B932D9822A2365E60063703C /* Products */,
			);
			sourceTree = "<group>";
		};
		B932D9822A2365E60063703C /* Products */ = {
			isa = PBXGroup;
			children = (
				B932D9812A2365E60063703C /* trafficLights.app */,
				B932D9972A2365E70063703C /* trafficLightsTests.xctest */,
				B932D9A12A2365E70063703C /* trafficLightsUITests.xctest */,
			);
			name = Products;
			sourceTree = "<group>";
		};
		B932D9832A2365E60063703C /* trafficLights */ = {
			isa = PBXGroup;
			children = (
				B932D9842A2365E60063703C /* AppDelegate.swift */,
				B932D9862A2365E60063703C /* SceneDelegate.swift */,
				B932D9882A2365E60063703C /* SvetoforController.swift */,
				B91BB1742A292AF5004DDAA1 /* SvetoforSectionView.swift */,
				B932D98A2A2365E60063703C /* Main.storyboard */,
				B932D98D2A2365E70063703C /* Assets.xcassets */,
				B932D98F2A2365E70063703C /* LaunchScreen.storyboard */,
				B932D9922A2365E70063703C /* Info.plist */,
			);
			path = trafficLights;
			sourceTree = "<group>";
		};
		B932D99A2A2365E70063703C /* trafficLightsTests */ = {
			isa = PBXGroup;
			children = (
				B932D99B2A2365E70063703C /* trafficLightsTests.swift */,
			);
			path = trafficLightsTests;
			sourceTree = "<group>";
		};
		B932D9A42A2365E70063703C /* trafficLightsUITests */ = {
			isa = PBXGroup;
			children = (
				B932D9A52A2365E70063703C /* trafficLightsUITests.swift */,
				B932D9A72A2365E70063703C /* trafficLightsUITestsLaunchTests.swift */,
			);
			path = trafficLightsUITests;
			sourceTree = "<group>";
		};
/* End PBXGroup section */

/* Begin PBXNativeTarget section */
		B932D9802A2365E60063703C /* trafficLights */ = {
			isa = PBXNativeTarget;
			buildConfigurationList = B932D9AB2A2365E70063703C /* Build configuration list for PBXNativeTarget "trafficLights" */;
			buildPhases = (
				B932D97D2A2365E60063703C /* Sources */,
				B932D97E2A2365E60063703C /* Frameworks */,
				B932D97F2A2365E60063703C /* Resources */,
			);
			buildRules = (
			);
			dependencies = (
			);
			name = trafficLights;
			packageProductDependencies = (
				B940714B2A27766800D04E2E /* SnapKit */,
			);
			productName = trafficLights;
			productReference = B932D9812A2365E60063703C /* trafficLights.app */;
			productType = "com.apple.product-type.application";
		};
		B932D9962A2365E70063703C /* trafficLightsTests */ = {
			isa = PBXNativeTarget;
			buildConfigurationList = B932D9AE2A2365E70063703C /* Build configuration list for PBXNativeTarget "trafficLightsTests" */;
			buildPhases = (
				B932D9932A2365E70063703C /* Sources */,
				B932D9942A2365E70063703C /* Frameworks */,
				B932D9952A2365E70063703C /* Resources */,
			);
			buildRules = (
			);
			dependencies = (
				B932D9992A2365E70063703C /* PBXTargetDependency */,
			);
			name = trafficLightsTests;
			productName = trafficLightsTests;
			productReference = B932D9972A2365E70063703C /* trafficLightsTests.xctest */;
			productType = "com.apple.product-type.bundle.unit-test";
		};
		B932D9A02A2365E70063703C /* trafficLightsUITests */ = {
			isa = PBXNativeTarget;
			buildConfigurationList = B932D9B12A2365E70063703C /* Build configuration list for PBXNativeTarget "trafficLightsUITests" */;
			buildPhases = (
				B932D99D2A2365E70063703C /* Sources */,
				B932D99E2A2365E70063703C /* Frameworks */,
				B932D99F2A2365E70063703C /* Resources */,
			);
			buildRules = (
			);
			dependencies = (
				B932D9A32A2365E70063703C /* PBXTargetDependency */,
			);
			name = trafficLightsUITests;
			productName = trafficLightsUITests;
			productReference = B932D9A12A2365E70063703C /* trafficLightsUITests.xctest */;
			productType = "com.apple.product-type.bundle.ui-testing";
		};
/* End PBXNativeTarget section */

/* Begin PBXProject section */
		B932D9792A2365E60063703C /* Project object */ = {
			isa = PBXProject;
			attributes = {
				BuildIndependentTargetsInParallel = 1;
				LastSwiftUpdateCheck = 1420;
				LastUpgradeCheck = 1420;
				TargetAttributes = {
					B932D9802A2365E60063703C = {
						CreatedOnToolsVersion = 14.2;
					};
					B932D9962A2365E70063703C = {
						CreatedOnToolsVersion = 14.2;
						TestTargetID = B932D9802A2365E60063703C;
					};
					B932D9A02A2365E70063703C = {
						CreatedOnToolsVersion = 14.2;
						TestTargetID = B932D9802A2365E60063703C;
					};
				};
			};
			buildConfigurationList = B932D97C2A2365E60063703C /* Build configuration list for PBXProject "trafficLights" */;
			compatibilityVersion = "Xcode 14.0";
			developmentRegion = en;
			hasScannedForEncodings = 0;
			knownRegions = (
				en,
				Base,
			);
			mainGroup = B932D9782A2365E60063703C;
			packageReferences = (
				B940714A2A27766800D04E2E /* XCRemoteSwiftPackageReference "SnapKit" */,
			);
			productRefGroup = B932D9822A2365E60063703C /* Products */;
			projectDirPath = "";
			projectRoot = "";
			targets = (
				B932D9802A2365E60063703C /* trafficLights */,
				B932D9962A2365E70063703C /* trafficLightsTests */,
				B932D9A02A2365E70063703C /* trafficLightsUITests */,
			);
		};
/* End PBXProject section */

/* Begin PBXResourcesBuildPhase section */
		B932D97F2A2365E60063703C /* Resources */ = {
			isa = PBXResourcesBuildPhase;
			buildActionMask = 2147483647;
			files = (
				B932D9912A2365E70063703C /* LaunchScreen.storyboard in Resources */,
				B932D98E2A2365E70063703C /* Assets.xcassets in Resources */,
				B932D98C2A2365E60063703C /* Main.storyboard in Resources */,
			);
			runOnlyForDeploymentPostprocessing = 0;
		};
		B932D9952A2365E70063703C /* Resources */ = {
			isa = PBXResourcesBuildPhase;
			buildActionMask = 2147483647;
			files = (
			);
			runOnlyForDeploymentPostprocessing = 0;
		};
		B932D99F2A2365E70063703C /* Resources */ = {
			isa = PBXResourcesBuildPhase;
			buildActionMask = 2147483647;
			files = (
			);
			runOnlyForDeploymentPostprocessing = 0;
		};
/* End PBXResourcesBuildPhase section */

/* Begin PBXSourcesBuildPhase section */
		B932D97D2A2365E60063703C /* Sources */ = {
			isa = PBXSourcesBuildPhase;
			buildActionMask = 2147483647;
			files = (
				B91BB1752A292AF5004DDAA1 /* SvetoforSectionView.swift in Sources */,
				B932D9892A2365E60063703C /* SvetoforController.swift in Sources */,
				B932D9852A2365E60063703C /* AppDelegate.swift in Sources */,
				B932D9872A2365E60063703C /* SceneDelegate.swift in Sources */,
			);
			runOnlyForDeploymentPostprocessing = 0;
		};
		B932D9932A2365E70063703C /* Sources */ = {
			isa = PBXSourcesBuildPhase;
			buildActionMask = 2147483647;
			files = (
				B932D99C2A2365E70063703C /* trafficLightsTests.swift in Sources */,
			);
			runOnlyForDeploymentPostprocessing = 0;
		};
		B932D99D2A2365E70063703C /* Sources */ = {
			isa = PBXSourcesBuildPhase;
			buildActionMask = 2147483647;
			files = (
				B932D9A62A2365E70063703C /* trafficLightsUITests.swift in Sources */,
				B932D9A82A2365E70063703C /* trafficLightsUITestsLaunchTests.swift in Sources */,
			);
			runOnlyForDeploymentPostprocessing = 0;
		};
/* End PBXSourcesBuildPhase section */

/* Begin PBXTargetDependency section */
		B932D9992A2365E70063703C /* PBXTargetDependency */ = {
			isa = PBXTargetDependency;
			target = B932D9802A2365E60063703C /* trafficLights */;
			targetProxy = B932D9982A2365E70063703C /* PBXContainerItemProxy */;
		};
		B932D9A32A2365E70063703C /* PBXTargetDependency */ = {
			isa = PBXTargetDependency;
			target = B932D9802A2365E60063703C /* trafficLights */;
			targetProxy = B932D9A22A2365E70063703C /* PBXContainerItemProxy */;
		};
/* End PBXTargetDependency section */

/* Begin PBXVariantGroup section */
		B932D98A2A2365E60063703C /* Main.storyboard */ = {
			isa = PBXVariantGroup;
			children = (
				B932D98B2A2365E60063703C /* Base */,
			);
			name = Main.storyboard;
			sourceTree = "<group>";
		};
		B932D98F2A2365E70063703C /* LaunchScreen.storyboard */ = {
			isa = PBXVariantGroup;
			children = (
				B932D9902A2365E70063703C /* Base */,
			);
			name = LaunchScreen.storyboard;
			sourceTree = "<group>";
		};
/* End PBXVariantGroup section */

/* Begin XCBuildConfiguration section */
		B932D9A92A2365E70063703C /* Debug */ = {
			isa = XCBuildConfiguration;
			buildSettings = {
				ALWAYS_SEARCH_USER_PATHS = NO;
				CLANG_ANALYZER_NONNULL = YES;
				CLANG_ANALYZER_NUMBER_OBJECT_CONVERSION = YES_AGGRESSIVE;
				CLANG_CXX_LANGUAGE_STANDARD = "gnu++20";
				CLANG_ENABLE_MODULES = YES;
				CLANG_ENABLE_OBJC_ARC = YES;
				CLANG_ENABLE_OBJC_WEAK = YES;
				CLANG_WARN_BLOCK_CAPTURE_AUTORELEASING = YES;
				CLANG_WARN_BOOL_CONVERSION = YES;
				CLANG_WARN_COMMA = YES;
				CLANG_WARN_CONSTANT_CONVERSION = YES;
				CLANG_WARN_DEPRECATED_OBJC_IMPLEMENTATIONS = YES;
				CLANG_WARN_DIRECT_OBJC_ISA_USAGE = YES_ERROR;
				CLANG_WARN_DOCUMENTATION_COMMENTS = YES;
				CLANG_WARN_EMPTY_BODY = YES;
				CLANG_WARN_ENUM_CONVERSION = YES;
				CLANG_WARN_INFINITE_RECURSION = YES;
				CLANG_WARN_INT_CONVERSION = YES;
				CLANG_WARN_NON_LITERAL_NULL_CONVERSION = YES;
				CLANG_WARN_OBJC_IMPLICIT_RETAIN_SELF = YES;
				CLANG_WARN_OBJC_LITERAL_CONVERSION = YES;
				CLANG_WARN_OBJC_ROOT_CLASS = YES_ERROR;
				CLANG_WARN_QUOTED_INCLUDE_IN_FRAMEWORK_HEADER = YES;
				CLANG_WARN_RANGE_LOOP_ANALYSIS = YES;
				CLANG_WARN_STRICT_PROTOTYPES = YES;
				CLANG_WARN_SUSPICIOUS_MOVE = YES;
				CLANG_WARN_UNGUARDED_AVAILABILITY = YES_AGGRESSIVE;
				CLANG_WARN_UNREACHABLE_CODE = YES;
				CLANG_WARN__DUPLICATE_METHOD_MATCH = YES;
				COPY_PHASE_STRIP = NO;
				DEBUG_INFORMATION_FORMAT = dwarf;
				ENABLE_STRICT_OBJC_MSGSEND = YES;
				ENABLE_TESTABILITY = YES;
				GCC_C_LANGUAGE_STANDARD = gnu11;
				GCC_DYNAMIC_NO_PIC = NO;
				GCC_NO_COMMON_BLOCKS = YES;
				GCC_OPTIMIZATION_LEVEL = 0;
				GCC_PREPROCESSOR_DEFINITIONS = (
					"DEBUG=1",
					"$(inherited)",
				);
				GCC_WARN_64_TO_32_BIT_CONVERSION = YES;
				GCC_WARN_ABOUT_RETURN_TYPE = YES_ERROR;
				GCC_WARN_UNDECLARED_SELECTOR = YES;
				GCC_WARN_UNINITIALIZED_AUTOS = YES_AGGRESSIVE;
				GCC_WARN_UNUSED_FUNCTION = YES;
				GCC_WARN_UNUSED_VARIABLE = YES;
				IPHONEOS_DEPLOYMENT_TARGET = 16.2;
				MTL_ENABLE_DEBUG_INFO = INCLUDE_SOURCE;
				MTL_FAST_MATH = YES;
				ONLY_ACTIVE_ARCH = YES;
				SDKROOT = iphoneos;
				SWIFT_ACTIVE_COMPILATION_CONDITIONS = DEBUG;
				SWIFT_OPTIMIZATION_LEVEL = "-Onone";
			};
			name = Debug;
		};
		B932D9AA2A2365E70063703C /* Release */ = {
			isa = XCBuildConfiguration;
			buildSettings = {
				ALWAYS_SEARCH_USER_PATHS = NO;
				CLANG_ANALYZER_NONNULL = YES;
				CLANG_ANALYZER_NUMBER_OBJECT_CONVERSION = YES_AGGRESSIVE;
				CLANG_CXX_LANGUAGE_STANDARD = "gnu++20";
				CLANG_ENABLE_MODULES = YES;
				CLANG_ENABLE_OBJC_ARC = YES;
				CLANG_ENABLE_OBJC_WEAK = YES;
				CLANG_WARN_BLOCK_CAPTURE_AUTORELEASING = YES;
				CLANG_WARN_BOOL_CONVERSION = YES;
				CLANG_WARN_COMMA = YES;
				CLANG_WARN_CONSTANT_CONVERSION = YES;
				CLANG_WARN_DEPRECATED_OBJC_IMPLEMENTATIONS = YES;
				CLANG_WARN_DIRECT_OBJC_ISA_USAGE = YES_ERROR;
				CLANG_WARN_DOCUMENTATION_COMMENTS = YES;
				CLANG_WARN_EMPTY_BODY = YES;
				CLANG_WARN_ENUM_CONVERSION = YES;
				CLANG_WARN_INFINITE_RECURSION = YES;
				CLANG_WARN_INT_CONVERSION = YES;
				CLANG_WARN_NON_LITERAL_NULL_CONVERSION = YES;
				CLANG_WARN_OBJC_IMPLICIT_RETAIN_SELF = YES;
				CLANG_WARN_OBJC_LITERAL_CONVERSION = YES;
				CLANG_WARN_OBJC_ROOT_CLASS = YES_ERROR;
				CLANG_WARN_QUOTED_INCLUDE_IN_FRAMEWORK_HEADER = YES;
				CLANG_WARN_RANGE_LOOP_ANALYSIS = YES;
				CLANG_WARN_STRICT_PROTOTYPES = YES;
				CLANG_WARN_SUSPICIOUS_MOVE = YES;
				CLANG_WARN_UNGUARDED_AVAILABILITY = YES_AGGRESSIVE;
				CLANG_WARN_UNREACHABLE_CODE = YES;
				CLANG_WARN__DUPLICATE_METHOD_MATCH = YES;
				COPY_PHASE_STRIP = NO;
				DEBUG_INFORMATION_FORMAT = "dwarf-with-dsym";
				ENABLE_NS_ASSERTIONS = NO;
				ENABLE_STRICT_OBJC_MSGSEND = YES;
				GCC_C_LANGUAGE_STANDARD = gnu11;
				GCC_NO_COMMON_BLOCKS = YES;
				GCC_WARN_64_TO_32_BIT_CONVERSION = YES;
				GCC_WARN_ABOUT_RETURN_TYPE = YES_ERROR;
				GCC_WARN_UNDECLARED_SELECTOR = YES;
				GCC_WARN_UNINITIALIZED_AUTOS = YES_AGGRESSIVE;
				GCC_WARN_UNUSED_FUNCTION = YES;
				GCC_WARN_UNUSED_VARIABLE = YES;
				IPHONEOS_DEPLOYMENT_TARGET = 16.2;
				MTL_ENABLE_DEBUG_INFO = NO;
				MTL_FAST_MATH = YES;
				SDKROOT = iphoneos;
				SWIFT_COMPILATION_MODE = wholemodule;
				SWIFT_OPTIMIZATION_LEVEL = "-O";
				VALIDATE_PRODUCT = YES;
			};
			name = Release;
		};
		B932D9AC2A2365E70063703C /* Debug */ = {
			isa = XCBuildConfiguration;
			buildSettings = {
				ASSETCATALOG_COMPILER_APPICON_NAME = AppIcon;
				ASSETCATALOG_COMPILER_GLOBAL_ACCENT_COLOR_NAME = AccentColor;
				CODE_SIGN_STYLE = Automatic;
				CURRENT_PROJECT_VERSION = 1;
				DEVELOPMENT_TEAM = F6472MA2BW;
				GENERATE_INFOPLIST_FILE = YES;
				INFOPLIST_FILE = trafficLights/Info.plist;
				INFOPLIST_KEY_UIApplicationSupportsIndirectInputEvents = YES;
				INFOPLIST_KEY_UILaunchStoryboardName = LaunchScreen;
				INFOPLIST_KEY_UIMainStoryboardFile = Main;
				INFOPLIST_KEY_UISupportedInterfaceOrientations_iPad = "UIInterfaceOrientationPortrait UIInterfaceOrientationPortraitUpsideDown UIInterfaceOrientationLandscapeLeft UIInterfaceOrientationLandscapeRight";
				INFOPLIST_KEY_UISupportedInterfaceOrientations_iPhone = "UIInterfaceOrientationPortrait UIInterfaceOrientationLandscapeLeft UIInterfaceOrientationLandscapeRight";
				LD_RUNPATH_SEARCH_PATHS = (
					"$(inherited)",
					"@executable_path/Frameworks",
				);
				MARKETING_VERSION = 1.0;
				PRODUCT_BUNDLE_IDENTIFIER = "-23.trafficLights";
				PRODUCT_NAME = "$(TARGET_NAME)";
				SWIFT_EMIT_LOC_STRINGS = YES;
				SWIFT_VERSION = 5.0;
				TARGETED_DEVICE_FAMILY = "1,2";
			};
			name = Debug;
		};
		B932D9AD2A2365E70063703C /* Release */ = {
			isa = XCBuildConfiguration;
			buildSettings = {
				ASSETCATALOG_COMPILER_APPICON_NAME = AppIcon;
				ASSETCATALOG_COMPILER_GLOBAL_ACCENT_COLOR_NAME = AccentColor;
				CODE_SIGN_STYLE = Automatic;
				CURRENT_PROJECT_VERSION = 1;
				DEVELOPMENT_TEAM = F6472MA2BW;
				GENERATE_INFOPLIST_FILE = YES;
				INFOPLIST_FILE = trafficLights/Info.plist;
				INFOPLIST_KEY_UIApplicationSupportsIndirectInputEvents = YES;
				INFOPLIST_KEY_UILaunchStoryboardName = LaunchScreen;
				INFOPLIST_KEY_UIMainStoryboardFile = Main;
				INFOPLIST_KEY_UISupportedInterfaceOrientations_iPad = "UIInterfaceOrientationPortrait UIInterfaceOrientationPortraitUpsideDown UIInterfaceOrientationLandscapeLeft UIInterfaceOrientationLandscapeRight";
				INFOPLIST_KEY_UISupportedInterfaceOrientations_iPhone = "UIInterfaceOrientationPortrait UIInterfaceOrientationLandscapeLeft UIInterfaceOrientationLandscapeRight";
				LD_RUNPATH_SEARCH_PATHS = (
					"$(inherited)",
					"@executable_path/Frameworks",
				);
				MARKETING_VERSION = 1.0;
				PRODUCT_BUNDLE_IDENTIFIER = "-23.trafficLights";
				PRODUCT_NAME = "$(TARGET_NAME)";
				SWIFT_EMIT_LOC_STRINGS = YES;
				SWIFT_VERSION = 5.0;
				TARGETED_DEVICE_FAMILY = "1,2";
			};
			name = Release;
		};
		B932D9AF2A2365E70063703C /* Debug */ = {
			isa = XCBuildConfiguration;
			buildSettings = {
				ALWAYS_EMBED_SWIFT_STANDARD_LIBRARIES = YES;
				BUNDLE_LOADER = "$(TEST_HOST)";
				CODE_SIGN_STYLE = Automatic;
				CURRENT_PROJECT_VERSION = 1;
				DEVELOPMENT_TEAM = F6472MA2BW;
				GENERATE_INFOPLIST_FILE = YES;
				IPHONEOS_DEPLOYMENT_TARGET = 16.2;
				MARKETING_VERSION = 1.0;
				PRODUCT_BUNDLE_IDENTIFIER = "-23.trafficLightsTests";
				PRODUCT_NAME = "$(TARGET_NAME)";
				SWIFT_EMIT_LOC_STRINGS = NO;
				SWIFT_VERSION = 5.0;
				TARGETED_DEVICE_FAMILY = "1,2";
				TEST_HOST = "$(BUILT_PRODUCTS_DIR)/trafficLights.app/$(BUNDLE_EXECUTABLE_FOLDER_PATH)/trafficLights";
			};
			name = Debug;
		};
		B932D9B02A2365E70063703C /* Release */ = {
			isa = XCBuildConfiguration;
			buildSettings = {
				ALWAYS_EMBED_SWIFT_STANDARD_LIBRARIES = YES;
				BUNDLE_LOADER = "$(TEST_HOST)";
				CODE_SIGN_STYLE = Automatic;
				CURRENT_PROJECT_VERSION = 1;
				DEVELOPMENT_TEAM = F6472MA2BW;
				GENERATE_INFOPLIST_FILE = YES;
				IPHONEOS_DEPLOYMENT_TARGET = 16.2;
				MARKETING_VERSION = 1.0;
				PRODUCT_BUNDLE_IDENTIFIER = "-23.trafficLightsTests";
				PRODUCT_NAME = "$(TARGET_NAME)";
				SWIFT_EMIT_LOC_STRINGS = NO;
				SWIFT_VERSION = 5.0;
				TARGETED_DEVICE_FAMILY = "1,2";
				TEST_HOST = "$(BUILT_PRODUCTS_DIR)/trafficLights.app/$(BUNDLE_EXECUTABLE_FOLDER_PATH)/trafficLights";
			};
			name = Release;
		};
		B932D9B22A2365E70063703C /* Debug */ = {
			isa = XCBuildConfiguration;
			buildSettings = {
				ALWAYS_EMBED_SWIFT_STANDARD_LIBRARIES = YES;
				CODE_SIGN_STYLE = Automatic;
				CURRENT_PROJECT_VERSION = 1;
				DEVELOPMENT_TEAM = F6472MA2BW;
				GENERATE_INFOPLIST_FILE = YES;
				MARKETING_VERSION = 1.0;
				PRODUCT_BUNDLE_IDENTIFIER = "-23.trafficLightsUITests";
				PRODUCT_NAME = "$(TARGET_NAME)";
				SWIFT_EMIT_LOC_STRINGS = NO;
				SWIFT_VERSION = 5.0;
				TARGETED_DEVICE_FAMILY = "1,2";
				TEST_TARGET_NAME = trafficLights;
			};
			name = Debug;
		};
		B932D9B32A2365E70063703C /* Release */ = {
			isa = XCBuildConfiguration;
			buildSettings = {
				ALWAYS_EMBED_SWIFT_STANDARD_LIBRARIES = YES;
				CODE_SIGN_STYLE = Automatic;
				CURRENT_PROJECT_VERSION = 1;
				DEVELOPMENT_TEAM = F6472MA2BW;
				GENERATE_INFOPLIST_FILE = YES;
				MARKETING_VERSION = 1.0;
				PRODUCT_BUNDLE_IDENTIFIER = "-23.trafficLightsUITests";
				PRODUCT_NAME = "$(TARGET_NAME)";
				SWIFT_EMIT_LOC_STRINGS = NO;
				SWIFT_VERSION = 5.0;
				TARGETED_DEVICE_FAMILY = "1,2";
				TEST_TARGET_NAME = trafficLights;
			};
			name = Release;
		};
/* End XCBuildConfiguration section */

/* Begin XCConfigurationList section */
		B932D97C2A2365E60063703C /* Build configuration list for PBXProject "trafficLights" */ = {
			isa = XCConfigurationList;
			buildConfigurations = (
				B932D9A92A2365E70063703C /* Debug */,
				B932D9AA2A2365E70063703C /* Release */,
			);
			defaultConfigurationIsVisible = 0;
			defaultConfigurationName = Release;
		};
		B932D9AB2A2365E70063703C /* Build configuration list for PBXNativeTarget "trafficLights" */ = {
			isa = XCConfigurationList;
			buildConfigurations = (
				B932D9AC2A2365E70063703C /* Debug */,
				B932D9AD2A2365E70063703C /* Release */,
			);
			defaultConfigurationIsVisible = 0;
			defaultConfigurationName = Release;
		};
		B932D9AE2A2365E70063703C /* Build configuration list for PBXNativeTarget "trafficLightsTests" */ = {
			isa = XCConfigurationList;
			buildConfigurations = (
				B932D9AF2A2365E70063703C /* Debug */,
				B932D9B02A2365E70063703C /* Release */,
			);
			defaultConfigurationIsVisible = 0;
			defaultConfigurationName = Release;
		};
		B932D9B12A2365E70063703C /* Build configuration list for PBXNativeTarget "trafficLightsUITests" */ = {
			isa = XCConfigurationList;
			buildConfigurations = (
				B932D9B22A2365E70063703C /* Debug */,
				B932D9B32A2365E70063703C /* Release */,
			);
			defaultConfigurationIsVisible = 0;
			defaultConfigurationName = Release;
		};
/* End XCConfigurationList section */

/* Begin XCRemoteSwiftPackageReference section */
		B940714A2A27766800D04E2E /* XCRemoteSwiftPackageReference "SnapKit" */ = {
			isa = XCRemoteSwiftPackageReference;
			repositoryURL = "https://github.com/SnapKit/SnapKit";
			requirement = {
				kind = upToNextMajorVersion;
				minimumVersion = 5.0.0;
			};
		};
/* End XCRemoteSwiftPackageReference section */

/* Begin XCSwiftPackageProductDependency section */
		B940714B2A27766800D04E2E /* SnapKit */ = {
			isa = XCSwiftPackageProductDependency;
			package = B940714A2A27766800D04E2E /* XCRemoteSwiftPackageReference "SnapKit" */;
			productName = SnapKit;
		};
/* End XCSwiftPackageProductDependency section */
	};
	rootObject = B932D9792A2365E60063703C /* Project object */;
}
